<?xml version="1.0" encoding="utf-8"?>
<Project ToolsVersion="4.0" xmlns="http://schemas.microsoft.com/developer/msbuild/2003">
  <ItemGroup>
    <Filter Include="Shaders">
      <UniqueIdentifier>{EFAC8DF2-5B8C-0C8E-64A4-9764D00273EF}</UniqueIdentifier>
    </Filter>
  </ItemGroup>
  <ItemGroup>
    <ClInclude Include="Camera.h" />
    <ClInclude Include="DX11.h" />
    <ClInclude Include="EngineDefines.h" />
    <ClInclude Include="FBXStructs.h" />
    <ClInclude Include="ForwardRenderer.h" />
    <ClInclude Include="GraphicsEngine.h" />
    <ClInclude Include="Material.h" />
    <ClInclude Include="Mesh.h" />
    <ClInclude Include="Model.h" />
    <ClInclude Include="NuggetBox.pch.h" />
    <ClInclude Include="PixelShader.h" />
    <ClInclude Include="Scene.h" />
    <ClInclude Include="SceneObject.h" />
    <ClInclude Include="Texture.h" />
    <ClInclude Include="VertexShader.h" />
  </ItemGroup>
  <ItemGroup>
    <ClCompile Include="Camera.cpp" />
    <ClCompile Include="DX11.cpp" />
    <ClCompile Include="ForwardRenderer.cpp" />
    <ClCompile Include="GraphicsEngine.cpp" />
    <ClCompile Include="Material.cpp" />
    <ClCompile Include="Mesh.cpp" />
    <ClCompile Include="Model.cpp" />
    <ClCompile Include="NuggetBox.pch.cpp" />
    <ClCompile Include="PixelShader.cpp" />
    <ClCompile Include="Scene.cpp" />
    <ClCompile Include="SceneObject.cpp" />
    <ClCompile Include="Texture.cpp" />
    <ClCompile Include="VertexShader.cpp" />
  </ItemGroup>
  <ItemGroup>
    <FxCompile Include="Shaders\Standard_PS.hlsl">
      <Filter>Shaders</Filter>
    </FxCompile>
    <FxCompile Include="Shaders\Standard_VS.hlsl">
      <Filter>Shaders</Filter>
    </FxCompile>
  </ItemGroup>
  <ItemGroup>
    <None Include="Shaders\ShaderStructs.hlsli">
      <Filter>Shaders</Filter>
    </None>
  </ItemGroup>
</Project>